
Microsoft Visual Studio Solution File, Format Version 12.00
# Visual Studio 2012
Project("{CC5FD16D-436D-48AD-A40C-5A424C6E3E79}") = "Pop.CloudService", "PageOfPhotosWebApp\Pop.CloudService.ccproj", "{1751B14C-EBDF-4A0A-8DFC-D4E99A1B6D16}"
EndProject
Project("{FAE04EC0-301F-11D3-BF4B-00C04F79EFBC}") = "PoP.WebTier", "PoP.WebTier\PoP.WebTier.csproj", "{BC4ED06E-2487-4711-9019-8CDACDB1FFC9}"
EndProject
Project("{FAE04EC0-301F-11D3-BF4B-00C04F79EFBC}") = "PoP.ServiceTier", "PoP.ServiceTier\PoP.ServiceTier.csproj", "{DEA8B34D-96D5-422A-8CB2-47B2A76DFF06}"
EndProject
Project("{FAE04EC0-301F-11D3-BF4B-00C04F79EFBC}") = "PoP.Cache", "PoP.Cache\PoP.Cache.csproj", "{B1A64DF3-A1E8-4D57-B19B-C1D09C60AAAA}"
EndProject
Project("{FAE04EC0-301F-11D3-BF4B-00C04F79EFBC}") = "MediaRepository", "MediaRepository\MediaRepository.csproj", "{BB0DBCB6-49BB-4388-BDE7-6AC298C69F06}"
EndProject
Project("{FAE04EC0-301F-11D3-BF4B-00C04F79EFBC}") = "PageRepository", "PageRepository\PageRepository.csproj", "{7B28B96A-BC46-4EEF-A61E-89B0F245F4B6}"
EndProject
Project("{2150E333-8FDC-42A3-9474-1A3956D46DE8}") = ".nuget", ".nuget", "{5D6F3F4F-EE76-408E-8EC0-D4A9B37C656A}"
	ProjectSection(SolutionItems) = preProject
		.nuget\NuGet.Config = .nuget\NuGet.Config
		.nuget\NuGet.exe = .nuget\NuGet.exe
		.nuget\NuGet.targets = .nuget\NuGet.targets
	EndProjectSection
EndProject
Project("{2150E333-8FDC-42A3-9474-1A3956D46DE8}") = ".meta", ".meta", "{1CADF522-F496-41C5-B791-ABE18C306D7D}"
	ProjectSection(SolutionItems) = preProject
		..\.gitignore = ..\.gitignore
		..\LICENSE = ..\LICENSE
		..\README.md = ..\README.md
		..\TODO.md = ..\TODO.md
	EndProjectSection
EndProject
Project("{FAE04EC0-301F-11D3-BF4B-00C04F79EFBC}") = "PoP.Model", "PoP.Model\PoP.Model.csproj", "{A0C31BD5-67B9-4003-BD68-31639557A920}"
EndProject
Project("{FAE04EC0-301F-11D3-BF4B-00C04F79EFBC}") = "WindowsAzureStorageCredentialsSwizzler", "WindowsAzureStorageCredentialsSwizzler\WindowsAzureStorageCredentialsSwizzler.csproj", "{55658526-0C5C-4036-AC4B-55AF543E6FB2}"
EndProject
Project("{FAE04EC0-301F-11D3-BF4B-00C04F79EFBC}") = "WindowsAzureStorageCredentialsSwizzler.Tests.Unit", "WindowsAzureStorageCredentialsSwizzler.Tests.Unit\WindowsAzureStorageCredentialsSwizzler.Tests.Unit.csproj", "{7DC02B45-0C60-447B-9046-C92AD8107B66}"
EndProject
Global
	GlobalSection(SolutionConfigurationPlatforms) = preSolution
		Debug|Any CPU = Debug|Any CPU
		Release|Any CPU = Release|Any CPU
	EndGlobalSection
	GlobalSection(ProjectConfigurationPlatforms) = postSolution
		{1751B14C-EBDF-4A0A-8DFC-D4E99A1B6D16}.Debug|Any CPU.ActiveCfg = Debug|Any CPU
		{1751B14C-EBDF-4A0A-8DFC-D4E99A1B6D16}.Debug|Any CPU.Build.0 = Debug|Any CPU
		{1751B14C-EBDF-4A0A-8DFC-D4E99A1B6D16}.Release|Any CPU.ActiveCfg = Release|Any CPU
		{1751B14C-EBDF-4A0A-8DFC-D4E99A1B6D16}.Release|Any CPU.Build.0 = Release|Any CPU
		{BC4ED06E-2487-4711-9019-8CDACDB1FFC9}.Debug|Any CPU.ActiveCfg = Debug|Any CPU
		{BC4ED06E-2487-4711-9019-8CDACDB1FFC9}.Debug|Any CPU.Build.0 = Debug|Any CPU
		{BC4ED06E-2487-4711-9019-8CDACDB1FFC9}.Release|Any CPU.ActiveCfg = Release|Any CPU
		{BC4ED06E-2487-4711-9019-8CDACDB1FFC9}.Release|Any CPU.Build.0 = Release|Any CPU
		{DEA8B34D-96D5-422A-8CB2-47B2A76DFF06}.Debug|Any CPU.ActiveCfg = Debug|Any CPU
		{DEA8B34D-96D5-422A-8CB2-47B2A76DFF06}.Debug|Any CPU.Build.0 = Debug|Any CPU
		{DEA8B34D-96D5-422A-8CB2-47B2A76DFF06}.Release|Any CPU.ActiveCfg = Release|Any CPU
		{DEA8B34D-96D5-422A-8CB2-47B2A76DFF06}.Release|Any CPU.Build.0 = Release|Any CPU
		{B1A64DF3-A1E8-4D57-B19B-C1D09C60AAAA}.Debug|Any CPU.ActiveCfg = Debug|Any CPU
		{B1A64DF3-A1E8-4D57-B19B-C1D09C60AAAA}.Debug|Any CPU.Build.0 = Debug|Any CPU
		{B1A64DF3-A1E8-4D57-B19B-C1D09C60AAAA}.Release|Any CPU.ActiveCfg = Release|Any CPU
		{B1A64DF3-A1E8-4D57-B19B-C1D09C60AAAA}.Release|Any CPU.Build.0 = Release|Any CPU
		{BB0DBCB6-49BB-4388-BDE7-6AC298C69F06}.Debug|Any CPU.ActiveCfg = Debug|Any CPU
		{BB0DBCB6-49BB-4388-BDE7-6AC298C69F06}.Debug|Any CPU.Build.0 = Debug|Any CPU
		{BB0DBCB6-49BB-4388-BDE7-6AC298C69F06}.Release|Any CPU.ActiveCfg = Release|Any CPU
		{BB0DBCB6-49BB-4388-BDE7-6AC298C69F06}.Release|Any CPU.Build.0 = Release|Any CPU
		{7B28B96A-BC46-4EEF-A61E-89B0F245F4B6}.Debug|Any CPU.ActiveCfg = Debug|Any CPU
		{7B28B96A-BC46-4EEF-A61E-89B0F245F4B6}.Debug|Any CPU.Build.0 = Debug|Any CPU
		{7B28B96A-BC46-4EEF-A61E-89B0F245F4B6}.Release|Any CPU.ActiveCfg = Release|Any CPU
		{7B28B96A-BC46-4EEF-A61E-89B0F245F4B6}.Release|Any CPU.Build.0 = Release|Any CPU
		{A0C31BD5-67B9-4003-BD68-31639557A920}.Debug|Any CPU.ActiveCfg = Debug|Any CPU
		{A0C31BD5-67B9-4003-BD68-31639557A920}.Debug|Any CPU.Build.0 = Debug|Any CPU
		{A0C31BD5-67B9-4003-BD68-31639557A920}.Release|Any CPU.ActiveCfg = Release|Any CPU
		{A0C31BD5-67B9-4003-BD68-31639557A920}.Release|Any CPU.Build.0 = Release|Any CPU
		{55658526-0C5C-4036-AC4B-55AF543E6FB2}.Debug|Any CPU.ActiveCfg = Debug|Any CPU
		{55658526-0C5C-4036-AC4B-55AF543E6FB2}.Debug|Any CPU.Build.0 = Debug|Any CPU
		{55658526-0C5C-4036-AC4B-55AF543E6FB2}.Release|Any CPU.ActiveCfg = Release|Any CPU
		{55658526-0C5C-4036-AC4B-55AF543E6FB2}.Release|Any CPU.Build.0 = Release|Any CPU
		{7DC02B45-0C60-447B-9046-C92AD8107B66}.Debug|Any CPU.ActiveCfg = Debug|Any CPU
		{7DC02B45-0C60-447B-9046-C92AD8107B66}.Debug|Any CPU.Build.0 = Debug|Any CPU
		{7DC02B45-0C60-447B-9046-C92AD8107B66}.Release|Any CPU.ActiveCfg = Release|Any CPU
		{7DC02B45-0C60-447B-9046-C92AD8107B66}.Release|Any CPU.Build.0 = Release|Any CPU
	EndGlobalSection
	GlobalSection(SolutionProperties) = preSolution
		HideSolutionNode = FALSE
	EndGlobalSection
EndGlobal
